{
  "version": 4,
  "terraform_version": "0.13.3",
  "serial": 3,
  "lineage": "4bb09d1b-1050-47fb-a9e5-ebdd1cc00465",
  "outputs": {},
  "resources": [
    {
      "mode": "managed",
      "type": "azurerm_resource_group",
      "name": "rg1",
      "provider": "provider[\"registry.terraform.io/hashicorp/azurerm\"]",
      "instances": [
        {
          "schema_version": 0,
          "attributes": {
            "id": "/subscriptions/7dc2ecc1-52a7-400e-8d4a-0757e68c2573/resourceGroups/ndebokila2509",
            "location": "westeurope",
            "name": "ndebokila2509",
            "tags": null,
            "timeouts": null
          },
          "private": "eyJlMmJmYjczMC1lY2FhLTExZTYtOGY4OC0zNDM2M2JjN2M0YzAiOnsiY3JlYXRlIjo1NDAwMDAwMDAwMDAwLCJkZWxldGUiOjU0MDAwMDAwMDAwMDAsInJlYWQiOjMwMDAwMDAwMDAwMCwidXBkYXRlIjo1NDAwMDAwMDAwMDAwfX0="
        }
      ]
    },
    {
      "mode": "managed",
      "type": "azurerm_storage_account",
      "name": "sa1",
      "provider": "provider[\"registry.terraform.io/hashicorp/azurerm\"]",
      "instances": [
        {
          "schema_version": 2,
          "attributes": {
            "access_tier": "Hot",
            "account_kind": "StorageV2",
            "account_replication_type": "LRS",
            "account_tier": "Standard",
            "allow_blob_public_access": false,
            "blob_properties": [],
            "custom_domain": [],
            "enable_https_traffic_only": true,
            "id": "/subscriptions/7dc2ecc1-52a7-400e-8d4a-0757e68c2573/resourceGroups/ndebokila2509/providers/Microsoft.Storage/storageAccounts/sa1809esgi2509",
            "identity": [],
            "is_hns_enabled": false,
            "location": "westeurope",
            "min_tls_version": "TLS1_0",
            "name": "sa1809esgi2509",
            "network_rules": [
              {
                "bypass": [
                  "AzureServices"
                ],
                "default_action": "Allow",
                "ip_rules": [],
                "virtual_network_subnet_ids": []
              }
            ],
            "primary_access_key": "toCVLhQnFygwv8uqtwvISTtmZcwJOYuTWL6ZqCM7buj9PRoR/BsFtiNDhq5nFIncMvHBE78SJLlIJUgILni8dw==",
            "primary_blob_connection_string": "DefaultEndpointsProtocol=https;BlobEndpoint=https://sa1809esgi2509.blob.core.windows.net/;AccountName=sa1809esgi2509;AccountKey=toCVLhQnFygwv8uqtwvISTtmZcwJOYuTWL6ZqCM7buj9PRoR/BsFtiNDhq5nFIncMvHBE78SJLlIJUgILni8dw==",
            "primary_blob_endpoint": "https://sa1809esgi2509.blob.core.windows.net/",
            "primary_blob_host": "sa1809esgi2509.blob.core.windows.net",
            "primary_connection_string": "DefaultEndpointsProtocol=https;AccountName=sa1809esgi2509;AccountKey=toCVLhQnFygwv8uqtwvISTtmZcwJOYuTWL6ZqCM7buj9PRoR/BsFtiNDhq5nFIncMvHBE78SJLlIJUgILni8dw==;EndpointSuffix=core.windows.net",
            "primary_dfs_endpoint": "https://sa1809esgi2509.dfs.core.windows.net/",
            "primary_dfs_host": "sa1809esgi2509.dfs.core.windows.net",
            "primary_file_endpoint": "https://sa1809esgi2509.file.core.windows.net/",
            "primary_file_host": "sa1809esgi2509.file.core.windows.net",
            "primary_location": "westeurope",
            "primary_queue_endpoint": "https://sa1809esgi2509.queue.core.windows.net/",
            "primary_queue_host": "sa1809esgi2509.queue.core.windows.net",
            "primary_table_endpoint": "https://sa1809esgi2509.table.core.windows.net/",
            "primary_table_host": "sa1809esgi2509.table.core.windows.net",
            "primary_web_endpoint": "https://sa1809esgi2509.z6.web.core.windows.net/",
            "primary_web_host": "sa1809esgi2509.z6.web.core.windows.net",
            "queue_properties": [
              {
                "cors_rule": [],
                "hour_metrics": [
                  {
                    "enabled": true,
                    "include_apis": true,
                    "retention_policy_days": 7,
                    "version": "1.0"
                  }
                ],
                "logging": [
                  {
                    "delete": false,
                    "read": false,
                    "retention_policy_days": 0,
                    "version": "1.0",
                    "write": false
                  }
                ],
                "minute_metrics": [
                  {
                    "enabled": false,
                    "include_apis": false,
                    "retention_policy_days": 0,
                    "version": "1.0"
                  }
                ]
              }
            ],
            "resource_group_name": "ndebokila2509",
            "secondary_access_key": "VhsOiJ57TRJerVD08HtmdrHoOsxRz1ASM61V+m1VS+kDDnCfeCHkkNxWFMkE4kRbSKFBPYToFPn+26hQYl5mxQ==",
            "secondary_blob_connection_string": "",
            "secondary_blob_endpoint": null,
            "secondary_blob_host": null,
            "secondary_connection_string": "DefaultEndpointsProtocol=https;AccountName=sa1809esgi2509;AccountKey=VhsOiJ57TRJerVD08HtmdrHoOsxRz1ASM61V+m1VS+kDDnCfeCHkkNxWFMkE4kRbSKFBPYToFPn+26hQYl5mxQ==;EndpointSuffix=core.windows.net",
            "secondary_dfs_endpoint": null,
            "secondary_dfs_host": null,
            "secondary_file_endpoint": null,
            "secondary_file_host": null,
            "secondary_location": "",
            "secondary_queue_endpoint": null,
            "secondary_queue_host": null,
            "secondary_table_endpoint": null,
            "secondary_table_host": null,
            "secondary_web_endpoint": null,
            "secondary_web_host": null,
            "static_website": [],
            "tags": null,
            "timeouts": null
          },
          "private": "eyJlMmJmYjczMC1lY2FhLTExZTYtOGY4OC0zNDM2M2JjN2M0YzAiOnsiY3JlYXRlIjozNjAwMDAwMDAwMDAwLCJkZWxldGUiOjM2MDAwMDAwMDAwMDAsInJlYWQiOjMwMDAwMDAwMDAwMCwidXBkYXRlIjozNjAwMDAwMDAwMDAwfSwic2NoZW1hX3ZlcnNpb24iOiIyIn0=",
          "dependencies": [
            "azurerm_resource_group.rg1"
          ]
        }
      ]
    }
  ]
}
